
Microsoft Visual Studio Solution File, Format Version 12.00
# Visual Studio Version 16
VisualStudioVersion = 16.0.29806.167
MinimumVisualStudioVersion = 10.0.40219.1
Project("{2150E333-8FDC-42A3-9474-1A3956D46DE8}") = "Microsservices", "Microsservices", "{CD308357-3B5C-4D9A-AD87-3CF6D6813A89}"
EndProject
Project("{2150E333-8FDC-42A3-9474-1A3956D46DE8}") = "Domain", "Domain", "{53E772FA-2B45-4F94-B8FF-389B8E2007D8}"
EndProject
Project("{2150E333-8FDC-42A3-9474-1A3956D46DE8}") = "Infra.Bus", "Infra.Bus", "{7B6A7F38-DBF5-48FD-80EC-2089168012CD}"
EndProject
Project("{2150E333-8FDC-42A3-9474-1A3956D46DE8}") = "Infra.IoC", "Infra.IoC", "{18F9E61C-67FA-4972-8FCD-82D2ADC1144B}"
EndProject
Project("{2150E333-8FDC-42A3-9474-1A3956D46DE8}") = "Presentation", "Presentation", "{4DB68A5D-C66F-44B9-A3BB-554F53606C03}"
EndProject
Project("{FAE04EC0-301F-11D3-BF4B-00C04F79EFBC}") = "MicroRabbit.Domain.Core", "MicroRabbit.Domain.Core\MicroRabbit.Domain.Core.csproj", "{377E0C20-566D-430B-8182-792C8D910FB6}"
EndProject
Project("{FAE04EC0-301F-11D3-BF4B-00C04F79EFBC}") = "MicroRabbit.Infra.Bus", "MicroRabbit.Infra.Bus\MicroRabbit.Infra.Bus.csproj", "{15067A73-C98D-4D16-A996-6BADC5A4EF20}"
EndProject
Project("{FAE04EC0-301F-11D3-BF4B-00C04F79EFBC}") = "MicroRabbit.Infra.IoC", "MicroRabbit.Infra.IoC\MicroRabbit.Infra.IoC.csproj", "{2CD6B60C-8939-4B8C-9FD2-B1C2DA5C34A5}"
EndProject
Project("{2150E333-8FDC-42A3-9474-1A3956D46DE8}") = "Banking", "Banking", "{2733FFE3-AE8E-48BE-BC2E-F1B5EF8BB56D}"
EndProject
Project("{2150E333-8FDC-42A3-9474-1A3956D46DE8}") = "Api", "Api", "{B5913C87-5EF2-4D08-BDD7-3D33738E4669}"
EndProject
Project("{2150E333-8FDC-42A3-9474-1A3956D46DE8}") = "Domain", "Domain", "{859B860F-406C-4E5A-A514-DB3AD1E2C2F5}"
EndProject
Project("{2150E333-8FDC-42A3-9474-1A3956D46DE8}") = "Application", "Application", "{0C3DEE44-07EB-42ED-BC3A-1700EDFEB22D}"
EndProject
Project("{2150E333-8FDC-42A3-9474-1A3956D46DE8}") = "Data", "Data", "{63CBD784-2B47-453E-BBF5-ED00718F8706}"
EndProject
Project("{FAE04EC0-301F-11D3-BF4B-00C04F79EFBC}") = "MicroRabbit.Banking.Api", "MicroRabbit.Banking.Api\MicroRabbit.Banking.Api.csproj", "{C8278060-7973-4983-85CE-930912AE62F9}"
EndProject
Project("{FAE04EC0-301F-11D3-BF4B-00C04F79EFBC}") = "MicroRabbit.Banking.Application", "MicroRabbit.Banking.Application\MicroRabbit.Banking.Application.csproj", "{DA2D7292-3B9A-46D7-AC4A-6B079441ED00}"
EndProject
Project("{FAE04EC0-301F-11D3-BF4B-00C04F79EFBC}") = "MicroRabbit.Banking.Data", "MicroRabbit.Banking.Data\MicroRabbit.Banking.Data.csproj", "{6B1FC268-72EF-4880-A875-F2832C8DFB83}"
EndProject
Project("{FAE04EC0-301F-11D3-BF4B-00C04F79EFBC}") = "MicroRabbit.Banking.Domain", "MicroRabbit.Banking.Domain\MicroRabbit.Banking.Domain.csproj", "{8B921CF9-237D-4052-81B1-099F577D1C20}"
EndProject
Project("{2150E333-8FDC-42A3-9474-1A3956D46DE8}") = "Transfer", "Transfer", "{DCA756BC-2844-46FC-B49F-05C4AA8E3BC1}"
EndProject
Project("{2150E333-8FDC-42A3-9474-1A3956D46DE8}") = "Api", "Api", "{F318CA00-A8A3-4A72-9270-7FBDBEEB08A7}"
EndProject
Project("{2150E333-8FDC-42A3-9474-1A3956D46DE8}") = "Application", "Application", "{5E042B2D-8AD8-4E2B-886F-5CD46CA6802A}"
EndProject
Project("{2150E333-8FDC-42A3-9474-1A3956D46DE8}") = "Data", "Data", "{C42A2866-5ABB-490A-A3D3-BE591DF869B2}"
EndProject
Project("{2150E333-8FDC-42A3-9474-1A3956D46DE8}") = "Domain", "Domain", "{B85CF513-41E7-4809-8FD1-FD0E21CBC260}"
EndProject
Project("{FAE04EC0-301F-11D3-BF4B-00C04F79EFBC}") = "MicroRabbit.Transfer.Api", "MicroRabbit.Transfer.Api\MicroRabbit.Transfer.Api.csproj", "{B75D5D5D-0378-4365-BC64-50255F98E383}"
EndProject
Project("{FAE04EC0-301F-11D3-BF4B-00C04F79EFBC}") = "MicroRabbit.Transfer.Application", "MicroRabbit.Transfer.Application\MicroRabbit.Transfer.Application.csproj", "{0DE7ECED-FF17-4938-A019-EED7B4F62748}"
EndProject
Project("{FAE04EC0-301F-11D3-BF4B-00C04F79EFBC}") = "MicroRabbit.Transfer.Data", "MicroRabbit.Transfer.Data\MicroRabbit.Transfer.Data.csproj", "{B89C2080-A54F-4597-82E0-A14CF126D724}"
EndProject
Project("{FAE04EC0-301F-11D3-BF4B-00C04F79EFBC}") = "MicroRabbit.Transfer.Domain", "MicroRabbit.Transfer.Domain\MicroRabbit.Transfer.Domain.csproj", "{3B97EB1B-3DF8-499A-A69F-0ABEE7F36A24}"
EndProject
Global
	GlobalSection(SolutionConfigurationPlatforms) = preSolution
		Debug|Any CPU = Debug|Any CPU
		Release|Any CPU = Release|Any CPU
	EndGlobalSection
	GlobalSection(ProjectConfigurationPlatforms) = postSolution
		{377E0C20-566D-430B-8182-792C8D910FB6}.Debug|Any CPU.ActiveCfg = Debug|Any CPU
		{377E0C20-566D-430B-8182-792C8D910FB6}.Debug|Any CPU.Build.0 = Debug|Any CPU
		{377E0C20-566D-430B-8182-792C8D910FB6}.Release|Any CPU.ActiveCfg = Release|Any CPU
		{377E0C20-566D-430B-8182-792C8D910FB6}.Release|Any CPU.Build.0 = Release|Any CPU
		{15067A73-C98D-4D16-A996-6BADC5A4EF20}.Debug|Any CPU.ActiveCfg = Debug|Any CPU
		{15067A73-C98D-4D16-A996-6BADC5A4EF20}.Debug|Any CPU.Build.0 = Debug|Any CPU
		{15067A73-C98D-4D16-A996-6BADC5A4EF20}.Release|Any CPU.ActiveCfg = Release|Any CPU
		{15067A73-C98D-4D16-A996-6BADC5A4EF20}.Release|Any CPU.Build.0 = Release|Any CPU
		{2CD6B60C-8939-4B8C-9FD2-B1C2DA5C34A5}.Debug|Any CPU.ActiveCfg = Debug|Any CPU
		{2CD6B60C-8939-4B8C-9FD2-B1C2DA5C34A5}.Debug|Any CPU.Build.0 = Debug|Any CPU
		{2CD6B60C-8939-4B8C-9FD2-B1C2DA5C34A5}.Release|Any CPU.ActiveCfg = Release|Any CPU
		{2CD6B60C-8939-4B8C-9FD2-B1C2DA5C34A5}.Release|Any CPU.Build.0 = Release|Any CPU
		{C8278060-7973-4983-85CE-930912AE62F9}.Debug|Any CPU.ActiveCfg = Debug|Any CPU
		{C8278060-7973-4983-85CE-930912AE62F9}.Debug|Any CPU.Build.0 = Debug|Any CPU
		{C8278060-7973-4983-85CE-930912AE62F9}.Release|Any CPU.ActiveCfg = Release|Any CPU
		{C8278060-7973-4983-85CE-930912AE62F9}.Release|Any CPU.Build.0 = Release|Any CPU
		{DA2D7292-3B9A-46D7-AC4A-6B079441ED00}.Debug|Any CPU.ActiveCfg = Debug|Any CPU
		{DA2D7292-3B9A-46D7-AC4A-6B079441ED00}.Debug|Any CPU.Build.0 = Debug|Any CPU
		{DA2D7292-3B9A-46D7-AC4A-6B079441ED00}.Release|Any CPU.ActiveCfg = Release|Any CPU
		{DA2D7292-3B9A-46D7-AC4A-6B079441ED00}.Release|Any CPU.Build.0 = Release|Any CPU
		{6B1FC268-72EF-4880-A875-F2832C8DFB83}.Debug|Any CPU.ActiveCfg = Debug|Any CPU
		{6B1FC268-72EF-4880-A875-F2832C8DFB83}.Debug|Any CPU.Build.0 = Debug|Any CPU
		{6B1FC268-72EF-4880-A875-F2832C8DFB83}.Release|Any CPU.ActiveCfg = Release|Any CPU
		{6B1FC268-72EF-4880-A875-F2832C8DFB83}.Release|Any CPU.Build.0 = Release|Any CPU
		{8B921CF9-237D-4052-81B1-099F577D1C20}.Debug|Any CPU.ActiveCfg = Debug|Any CPU
		{8B921CF9-237D-4052-81B1-099F577D1C20}.Debug|Any CPU.Build.0 = Debug|Any CPU
		{8B921CF9-237D-4052-81B1-099F577D1C20}.Release|Any CPU.ActiveCfg = Release|Any CPU
		{8B921CF9-237D-4052-81B1-099F577D1C20}.Release|Any CPU.Build.0 = Release|Any CPU
		{B75D5D5D-0378-4365-BC64-50255F98E383}.Debug|Any CPU.ActiveCfg = Debug|Any CPU
		{B75D5D5D-0378-4365-BC64-50255F98E383}.Debug|Any CPU.Build.0 = Debug|Any CPU
		{B75D5D5D-0378-4365-BC64-50255F98E383}.Release|Any CPU.ActiveCfg = Release|Any CPU
		{B75D5D5D-0378-4365-BC64-50255F98E383}.Release|Any CPU.Build.0 = Release|Any CPU
		{0DE7ECED-FF17-4938-A019-EED7B4F62748}.Debug|Any CPU.ActiveCfg = Debug|Any CPU
		{0DE7ECED-FF17-4938-A019-EED7B4F62748}.Debug|Any CPU.Build.0 = Debug|Any CPU
		{0DE7ECED-FF17-4938-A019-EED7B4F62748}.Release|Any CPU.ActiveCfg = Release|Any CPU
		{0DE7ECED-FF17-4938-A019-EED7B4F62748}.Release|Any CPU.Build.0 = Release|Any CPU
		{B89C2080-A54F-4597-82E0-A14CF126D724}.Debug|Any CPU.ActiveCfg = Debug|Any CPU
		{B89C2080-A54F-4597-82E0-A14CF126D724}.Debug|Any CPU.Build.0 = Debug|Any CPU
		{B89C2080-A54F-4597-82E0-A14CF126D724}.Release|Any CPU.ActiveCfg = Release|Any CPU
		{B89C2080-A54F-4597-82E0-A14CF126D724}.Release|Any CPU.Build.0 = Release|Any CPU
		{3B97EB1B-3DF8-499A-A69F-0ABEE7F36A24}.Debug|Any CPU.ActiveCfg = Debug|Any CPU
		{3B97EB1B-3DF8-499A-A69F-0ABEE7F36A24}.Debug|Any CPU.Build.0 = Debug|Any CPU
		{3B97EB1B-3DF8-499A-A69F-0ABEE7F36A24}.Release|Any CPU.ActiveCfg = Release|Any CPU
		{3B97EB1B-3DF8-499A-A69F-0ABEE7F36A24}.Release|Any CPU.Build.0 = Release|Any CPU
	EndGlobalSection
	GlobalSection(SolutionProperties) = preSolution
		HideSolutionNode = FALSE
	EndGlobalSection
	GlobalSection(NestedProjects) = preSolution
		{377E0C20-566D-430B-8182-792C8D910FB6} = {53E772FA-2B45-4F94-B8FF-389B8E2007D8}
		{15067A73-C98D-4D16-A996-6BADC5A4EF20} = {7B6A7F38-DBF5-48FD-80EC-2089168012CD}
		{2CD6B60C-8939-4B8C-9FD2-B1C2DA5C34A5} = {18F9E61C-67FA-4972-8FCD-82D2ADC1144B}
		{2733FFE3-AE8E-48BE-BC2E-F1B5EF8BB56D} = {CD308357-3B5C-4D9A-AD87-3CF6D6813A89}
		{B5913C87-5EF2-4D08-BDD7-3D33738E4669} = {2733FFE3-AE8E-48BE-BC2E-F1B5EF8BB56D}
		{859B860F-406C-4E5A-A514-DB3AD1E2C2F5} = {2733FFE3-AE8E-48BE-BC2E-F1B5EF8BB56D}
		{0C3DEE44-07EB-42ED-BC3A-1700EDFEB22D} = {2733FFE3-AE8E-48BE-BC2E-F1B5EF8BB56D}
		{63CBD784-2B47-453E-BBF5-ED00718F8706} = {2733FFE3-AE8E-48BE-BC2E-F1B5EF8BB56D}
		{C8278060-7973-4983-85CE-930912AE62F9} = {B5913C87-5EF2-4D08-BDD7-3D33738E4669}
		{DA2D7292-3B9A-46D7-AC4A-6B079441ED00} = {0C3DEE44-07EB-42ED-BC3A-1700EDFEB22D}
		{6B1FC268-72EF-4880-A875-F2832C8DFB83} = {63CBD784-2B47-453E-BBF5-ED00718F8706}
		{8B921CF9-237D-4052-81B1-099F577D1C20} = {859B860F-406C-4E5A-A514-DB3AD1E2C2F5}
		{DCA756BC-2844-46FC-B49F-05C4AA8E3BC1} = {CD308357-3B5C-4D9A-AD87-3CF6D6813A89}
		{F318CA00-A8A3-4A72-9270-7FBDBEEB08A7} = {DCA756BC-2844-46FC-B49F-05C4AA8E3BC1}
		{5E042B2D-8AD8-4E2B-886F-5CD46CA6802A} = {DCA756BC-2844-46FC-B49F-05C4AA8E3BC1}
		{C42A2866-5ABB-490A-A3D3-BE591DF869B2} = {DCA756BC-2844-46FC-B49F-05C4AA8E3BC1}
		{B85CF513-41E7-4809-8FD1-FD0E21CBC260} = {DCA756BC-2844-46FC-B49F-05C4AA8E3BC1}
		{B75D5D5D-0378-4365-BC64-50255F98E383} = {F318CA00-A8A3-4A72-9270-7FBDBEEB08A7}
		{0DE7ECED-FF17-4938-A019-EED7B4F62748} = {5E042B2D-8AD8-4E2B-886F-5CD46CA6802A}
		{B89C2080-A54F-4597-82E0-A14CF126D724} = {C42A2866-5ABB-490A-A3D3-BE591DF869B2}
		{3B97EB1B-3DF8-499A-A69F-0ABEE7F36A24} = {B85CF513-41E7-4809-8FD1-FD0E21CBC260}
	EndGlobalSection
	GlobalSection(ExtensibilityGlobals) = postSolution
		SolutionGuid = {A8274831-3E14-46F1-9234-CB709C259FC3}
	EndGlobalSection
EndGlobal
